
Microsoft Visual Studio Solution File, Format Version 12.00
# Visual Studio Version 17
VisualStudioVersion = 17.8.34330.188
MinimumVisualStudioVersion = 10.0.40219.1
Project("{9A19103F-16F7-4668-BE54-9A1E7A4F7556}") = "BlazorServer", "BlazorServer\BlazorServer.csproj", "{7D99E3CC-56C2-4E83-8520-472CE48BCE5A}"
EndProject
Project("{9A19103F-16F7-4668-BE54-9A1E7A4F7556}") = "BlazorWeb", "BlazorWeb\BlazorWeb.csproj", "{FF361E26-1006-4135-AE9E-FE1E4F2CE965}"
EndProject
Global
	GlobalSection(SolutionConfigurationPlatforms) = preSolution
		Debug|Any CPU = Debug|Any CPU
		Release|Any CPU = Release|Any CPU
	EndGlobalSection
	GlobalSection(ProjectConfigurationPlatforms) = postSolution
		{7D99E3CC-56C2-4E83-8520-472CE48BCE5A}.Debug|Any CPU.ActiveCfg = Debug|Any CPU
		{7D99E3CC-56C2-4E83-8520-472CE48BCE5A}.Debug|Any CPU.Build.0 = Debug|Any CPU
		{7D99E3CC-56C2-4E83-8520-472CE48BCE5A}.Release|Any CPU.ActiveCfg = Release|Any CPU
		{7D99E3CC-56C2-4E83-8520-472CE48BCE5A}.Release|Any CPU.Build.0 = Release|Any CPU
		{FF361E26-1006-4135-AE9E-FE1E4F2CE965}.Debug|Any CPU.ActiveCfg = Debug|Any CPU
		{FF361E26-1006-4135-AE9E-FE1E4F2CE965}.Debug|Any CPU.Build.0 = Debug|Any CPU
		{FF361E26-1006-4135-AE9E-FE1E4F2CE965}.Release|Any CPU.ActiveCfg = Release|Any CPU
		{FF361E26-1006-4135-AE9E-FE1E4F2CE965}.Release|Any CPU.Build.0 = Release|Any CPU
	EndGlobalSection
	GlobalSection(SolutionProperties) = preSolution
		HideSolutionNode = FALSE
	EndGlobalSection
	GlobalSection(ExtensibilityGlobals) = postSolution
		SolutionGuid = {608E60AE-656B-425D-A60E-359A6DEB076E}
	EndGlobalSection
EndGlobal
